
Microsoft Visual Studio Solution File, Format Version 12.00
# Visual Studio Version 16
VisualStudioVersion = 16.0.29613.14
MinimumVisualStudioVersion = 10.0.40219.1
Project("{9A19103F-16F7-4668-BE54-9A1E7A4F7556}") = "PPParkingLot", "PPParkingLot\PPParkingLot.csproj", "{10482709-6FA9-40F7-94F6-DC7B7D94FC49}"
EndProject
Project("{9A19103F-16F7-4668-BE54-9A1E7A4F7556}") = "BLL", "BLL\BLL.csproj", "{52545571-9B15-4B11-B32A-1831A459569D}"
EndProject
Project("{9A19103F-16F7-4668-BE54-9A1E7A4F7556}") = "SystemCommons", "SystemCommons\SystemCommons.csproj", "{3D40F38F-8DDD-43B0-907E-38DF0CB583E0}"
EndProject
Project("{9A19103F-16F7-4668-BE54-9A1E7A4F7556}") = "DAL", "DAL\DAL.csproj", "{7D0D7674-62BA-4DF0-AD8F-06E16C6ACEAA}"
EndProject
Project("{9A19103F-16F7-4668-BE54-9A1E7A4F7556}") = "DTO", "DAO\DTO.csproj", "{2C312874-1B4F-406E-B082-77E059394E20}"
EndProject
Project("{2150E333-8FDC-42A3-9474-1A3956D46DE8}") = "Solution Items LEIA", "Solution Items LEIA", "{26796C61-E545-409D-AFFA-A6CC664A4B43}"
	ProjectSection(SolutionItems) = preProject
		LEIA.txt = LEIA.txt
		ToDo.txt = ToDo.txt
	EndProjectSection
EndProject
Project("{2150E333-8FDC-42A3-9474-1A3956D46DE8}") = "src", "src", "{7EB06157-8884-4E94-914F-807F295CA944}"
EndProject
Project("{2150E333-8FDC-42A3-9474-1A3956D46DE8}") = "tests", "tests", "{FCCC41E2-ACDE-4002-B7D4-CD167C173A5D}"
EndProject
Project("{FAE04EC0-301F-11D3-BF4B-00C04F79EFBC}") = "SmartParking.UnitTests", "SmartParking.UnitTests\SmartParking.UnitTests.csproj", "{0EC78A73-797E-43A0-B73F-2AE5CCD77F34}"
EndProject
Global
	GlobalSection(SolutionConfigurationPlatforms) = preSolution
		Debug|Any CPU = Debug|Any CPU
		Release|Any CPU = Release|Any CPU
	EndGlobalSection
	GlobalSection(ProjectConfigurationPlatforms) = postSolution
		{10482709-6FA9-40F7-94F6-DC7B7D94FC49}.Debug|Any CPU.ActiveCfg = Debug|Any CPU
		{10482709-6FA9-40F7-94F6-DC7B7D94FC49}.Debug|Any CPU.Build.0 = Debug|Any CPU
		{10482709-6FA9-40F7-94F6-DC7B7D94FC49}.Release|Any CPU.ActiveCfg = Release|Any CPU
		{10482709-6FA9-40F7-94F6-DC7B7D94FC49}.Release|Any CPU.Build.0 = Release|Any CPU
		{52545571-9B15-4B11-B32A-1831A459569D}.Debug|Any CPU.ActiveCfg = Debug|Any CPU
		{52545571-9B15-4B11-B32A-1831A459569D}.Debug|Any CPU.Build.0 = Debug|Any CPU
		{52545571-9B15-4B11-B32A-1831A459569D}.Release|Any CPU.ActiveCfg = Release|Any CPU
		{52545571-9B15-4B11-B32A-1831A459569D}.Release|Any CPU.Build.0 = Release|Any CPU
		{3D40F38F-8DDD-43B0-907E-38DF0CB583E0}.Debug|Any CPU.ActiveCfg = Debug|Any CPU
		{3D40F38F-8DDD-43B0-907E-38DF0CB583E0}.Debug|Any CPU.Build.0 = Debug|Any CPU
		{3D40F38F-8DDD-43B0-907E-38DF0CB583E0}.Release|Any CPU.ActiveCfg = Release|Any CPU
		{3D40F38F-8DDD-43B0-907E-38DF0CB583E0}.Release|Any CPU.Build.0 = Release|Any CPU
		{7D0D7674-62BA-4DF0-AD8F-06E16C6ACEAA}.Debug|Any CPU.ActiveCfg = Debug|Any CPU
		{7D0D7674-62BA-4DF0-AD8F-06E16C6ACEAA}.Debug|Any CPU.Build.0 = Debug|Any CPU
		{7D0D7674-62BA-4DF0-AD8F-06E16C6ACEAA}.Release|Any CPU.ActiveCfg = Release|Any CPU
		{7D0D7674-62BA-4DF0-AD8F-06E16C6ACEAA}.Release|Any CPU.Build.0 = Release|Any CPU
		{2C312874-1B4F-406E-B082-77E059394E20}.Debug|Any CPU.ActiveCfg = Debug|Any CPU
		{2C312874-1B4F-406E-B082-77E059394E20}.Debug|Any CPU.Build.0 = Debug|Any CPU
		{2C312874-1B4F-406E-B082-77E059394E20}.Release|Any CPU.ActiveCfg = Release|Any CPU
		{2C312874-1B4F-406E-B082-77E059394E20}.Release|Any CPU.Build.0 = Release|Any CPU
		{0EC78A73-797E-43A0-B73F-2AE5CCD77F34}.Debug|Any CPU.ActiveCfg = Debug|Any CPU
		{0EC78A73-797E-43A0-B73F-2AE5CCD77F34}.Debug|Any CPU.Build.0 = Debug|Any CPU
		{0EC78A73-797E-43A0-B73F-2AE5CCD77F34}.Release|Any CPU.ActiveCfg = Release|Any CPU
		{0EC78A73-797E-43A0-B73F-2AE5CCD77F34}.Release|Any CPU.Build.0 = Release|Any CPU
	EndGlobalSection
	GlobalSection(SolutionProperties) = preSolution
		HideSolutionNode = FALSE
	EndGlobalSection
	GlobalSection(NestedProjects) = preSolution
		{52545571-9B15-4B11-B32A-1831A459569D} = {7EB06157-8884-4E94-914F-807F295CA944}
		{3D40F38F-8DDD-43B0-907E-38DF0CB583E0} = {7EB06157-8884-4E94-914F-807F295CA944}
		{7D0D7674-62BA-4DF0-AD8F-06E16C6ACEAA} = {7EB06157-8884-4E94-914F-807F295CA944}
		{2C312874-1B4F-406E-B082-77E059394E20} = {7EB06157-8884-4E94-914F-807F295CA944}
		{0EC78A73-797E-43A0-B73F-2AE5CCD77F34} = {FCCC41E2-ACDE-4002-B7D4-CD167C173A5D}
	EndGlobalSection
	GlobalSection(ExtensibilityGlobals) = postSolution
		SolutionGuid = {EBA1B0B1-F332-4278-B436-98ACC97AE67E}
	EndGlobalSection
EndGlobal
