
Microsoft Visual Studio Solution File, Format Version 12.00
# Visual Studio Version 16
VisualStudioVersion = 16.0.29613.14
MinimumVisualStudioVersion = 10.0.40219.1
Project("{9A19103F-16F7-4668-BE54-9A1E7A4F7556}") = "PPParkingLot", "PPParkingLot\PPParkingLot.csproj", "{10482709-6FA9-40F7-94F6-DC7B7D94FC49}"
EndProject
Project("{FAE04EC0-301F-11D3-BF4B-00C04F79EFBC}") = "BusinessLogicalLayer", "BusinessLogicalLayer\BusinessLogicalLayer.csproj", "{DCF573B1-F42B-45E4-B3DA-35F140DD034B}"
EndProject
Project("{FAE04EC0-301F-11D3-BF4B-00C04F79EFBC}") = "DataAccessLayer", "DataAccessLayer\DataAccessLayer.csproj", "{802EFE34-328F-4878-A945-9BE9E8F71CB2}"
EndProject
Project("{FAE04EC0-301F-11D3-BF4B-00C04F79EFBC}") = "DataTransferObject", "DataTransferObject\DataTransferObject.csproj", "{45C5A359-0A37-40E5-A717-5A0064D414F0}"
EndProject
Project("{FAE04EC0-301F-11D3-BF4B-00C04F79EFBC}") = "Common", "Common\Common.csproj", "{22C3E818-77DE-47D0-B2C7-B1448ACD33C2}"
EndProject
Global
	GlobalSection(SolutionConfigurationPlatforms) = preSolution
		Debug|Any CPU = Debug|Any CPU
		Release|Any CPU = Release|Any CPU
	EndGlobalSection
	GlobalSection(ProjectConfigurationPlatforms) = postSolution
		{10482709-6FA9-40F7-94F6-DC7B7D94FC49}.Debug|Any CPU.ActiveCfg = Debug|Any CPU
		{10482709-6FA9-40F7-94F6-DC7B7D94FC49}.Debug|Any CPU.Build.0 = Debug|Any CPU
		{10482709-6FA9-40F7-94F6-DC7B7D94FC49}.Release|Any CPU.ActiveCfg = Release|Any CPU
		{10482709-6FA9-40F7-94F6-DC7B7D94FC49}.Release|Any CPU.Build.0 = Release|Any CPU
		{DCF573B1-F42B-45E4-B3DA-35F140DD034B}.Debug|Any CPU.ActiveCfg = Debug|Any CPU
		{DCF573B1-F42B-45E4-B3DA-35F140DD034B}.Debug|Any CPU.Build.0 = Debug|Any CPU
		{DCF573B1-F42B-45E4-B3DA-35F140DD034B}.Release|Any CPU.ActiveCfg = Release|Any CPU
		{DCF573B1-F42B-45E4-B3DA-35F140DD034B}.Release|Any CPU.Build.0 = Release|Any CPU
		{802EFE34-328F-4878-A945-9BE9E8F71CB2}.Debug|Any CPU.ActiveCfg = Debug|Any CPU
		{802EFE34-328F-4878-A945-9BE9E8F71CB2}.Debug|Any CPU.Build.0 = Debug|Any CPU
		{802EFE34-328F-4878-A945-9BE9E8F71CB2}.Release|Any CPU.ActiveCfg = Release|Any CPU
		{802EFE34-328F-4878-A945-9BE9E8F71CB2}.Release|Any CPU.Build.0 = Release|Any CPU
		{45C5A359-0A37-40E5-A717-5A0064D414F0}.Debug|Any CPU.ActiveCfg = Debug|Any CPU
		{45C5A359-0A37-40E5-A717-5A0064D414F0}.Debug|Any CPU.Build.0 = Debug|Any CPU
		{45C5A359-0A37-40E5-A717-5A0064D414F0}.Release|Any CPU.ActiveCfg = Release|Any CPU
		{45C5A359-0A37-40E5-A717-5A0064D414F0}.Release|Any CPU.Build.0 = Release|Any CPU
		{22C3E818-77DE-47D0-B2C7-B1448ACD33C2}.Debug|Any CPU.ActiveCfg = Debug|Any CPU
		{22C3E818-77DE-47D0-B2C7-B1448ACD33C2}.Debug|Any CPU.Build.0 = Debug|Any CPU
		{22C3E818-77DE-47D0-B2C7-B1448ACD33C2}.Release|Any CPU.ActiveCfg = Release|Any CPU
		{22C3E818-77DE-47D0-B2C7-B1448ACD33C2}.Release|Any CPU.Build.0 = Release|Any CPU
	EndGlobalSection
	GlobalSection(SolutionProperties) = preSolution
		HideSolutionNode = FALSE
	EndGlobalSection
	GlobalSection(ExtensibilityGlobals) = postSolution
		SolutionGuid = {EBA1B0B1-F332-4278-B436-98ACC97AE67E}
	EndGlobalSection
EndGlobal
