
Microsoft Visual Studio Solution File, Format Version 12.00
# Visual Studio Version 16
VisualStudioVersion = 16.0.29613.14
MinimumVisualStudioVersion = 10.0.40219.1
Project("{9A19103F-16F7-4668-BE54-9A1E7A4F7556}") = "PPParkingLot", "PPParkingLot\PPParkingLot.csproj", "{10482709-6FA9-40F7-94F6-DC7B7D94FC49}"
EndProject
Project("{FAE04EC0-301F-11D3-BF4B-00C04F79EFBC}") = "BLL", "BLL\BLL.csproj", "{52545571-9B15-4B11-B32A-1831A459569D}"
EndProject
Project("{FAE04EC0-301F-11D3-BF4B-00C04F79EFBC}") = "SystemCommons", "SystemCommons\SystemCommons.csproj", "{3D40F38F-8DDD-43B0-907E-38DF0CB583E0}"
EndProject
Project("{FAE04EC0-301F-11D3-BF4B-00C04F79EFBC}") = "DAL", "DAL\DAL.csproj", "{7D0D7674-62BA-4DF0-AD8F-06E16C6ACEAA}"
EndProject
Project("{FAE04EC0-301F-11D3-BF4B-00C04F79EFBC}") = "DTO", "DAO\DTO.csproj", "{2C312874-1B4F-406E-B082-77E059394E20}"
EndProject
Global
	GlobalSection(SolutionConfigurationPlatforms) = preSolution
		Debug|Any CPU = Debug|Any CPU
		Release|Any CPU = Release|Any CPU
	EndGlobalSection
	GlobalSection(ProjectConfigurationPlatforms) = postSolution
		{10482709-6FA9-40F7-94F6-DC7B7D94FC49}.Debug|Any CPU.ActiveCfg = Debug|Any CPU
		{10482709-6FA9-40F7-94F6-DC7B7D94FC49}.Debug|Any CPU.Build.0 = Debug|Any CPU
		{10482709-6FA9-40F7-94F6-DC7B7D94FC49}.Release|Any CPU.ActiveCfg = Release|Any CPU
		{10482709-6FA9-40F7-94F6-DC7B7D94FC49}.Release|Any CPU.Build.0 = Release|Any CPU
		{52545571-9B15-4B11-B32A-1831A459569D}.Debug|Any CPU.ActiveCfg = Debug|Any CPU
		{52545571-9B15-4B11-B32A-1831A459569D}.Debug|Any CPU.Build.0 = Debug|Any CPU
		{52545571-9B15-4B11-B32A-1831A459569D}.Release|Any CPU.ActiveCfg = Release|Any CPU
		{52545571-9B15-4B11-B32A-1831A459569D}.Release|Any CPU.Build.0 = Release|Any CPU
		{3D40F38F-8DDD-43B0-907E-38DF0CB583E0}.Debug|Any CPU.ActiveCfg = Debug|Any CPU
		{3D40F38F-8DDD-43B0-907E-38DF0CB583E0}.Debug|Any CPU.Build.0 = Debug|Any CPU
		{3D40F38F-8DDD-43B0-907E-38DF0CB583E0}.Release|Any CPU.ActiveCfg = Release|Any CPU
		{3D40F38F-8DDD-43B0-907E-38DF0CB583E0}.Release|Any CPU.Build.0 = Release|Any CPU
		{7D0D7674-62BA-4DF0-AD8F-06E16C6ACEAA}.Debug|Any CPU.ActiveCfg = Debug|Any CPU
		{7D0D7674-62BA-4DF0-AD8F-06E16C6ACEAA}.Debug|Any CPU.Build.0 = Debug|Any CPU
		{7D0D7674-62BA-4DF0-AD8F-06E16C6ACEAA}.Release|Any CPU.ActiveCfg = Release|Any CPU
		{7D0D7674-62BA-4DF0-AD8F-06E16C6ACEAA}.Release|Any CPU.Build.0 = Release|Any CPU
		{2C312874-1B4F-406E-B082-77E059394E20}.Debug|Any CPU.ActiveCfg = Debug|Any CPU
		{2C312874-1B4F-406E-B082-77E059394E20}.Debug|Any CPU.Build.0 = Debug|Any CPU
		{2C312874-1B4F-406E-B082-77E059394E20}.Release|Any CPU.ActiveCfg = Release|Any CPU
		{2C312874-1B4F-406E-B082-77E059394E20}.Release|Any CPU.Build.0 = Release|Any CPU
	EndGlobalSection
	GlobalSection(SolutionProperties) = preSolution
		HideSolutionNode = FALSE
	EndGlobalSection
	GlobalSection(ExtensibilityGlobals) = postSolution
		SolutionGuid = {EBA1B0B1-F332-4278-B436-98ACC97AE67E}
	EndGlobalSection
EndGlobal
